// !$*UTF8*$!
{
	archiveVersion = 1;
	classes = {
	};
	objectVersion = 54;
	objects = {

/* Begin PBXBuildFile section */
		287A20CE261F38AB005EDB0F /* Contentful in Frameworks */ = {isa = PBXBuildFile; productRef = 287A20CD261F38AB005EDB0F /* Contentful */; };
		287A20D2261F461F005EDB0F /* FoodStore.swift in Sources */ = {isa = PBXBuildFile; fileRef = 287A20D1261F461F005EDB0F /* FoodStore.swift */; };
		28D9A8862614C7A0003D50B4 /* AnimationHeaderDemoApp.swift in Sources */ = {isa = PBXBuildFile; fileRef = 28D9A8732614C79F003D50B4 /* AnimationHeaderDemoApp.swift */; };
		28D9A8872614C7A0003D50B4 /* AnimationHeaderDemoApp.swift in Sources */ = {isa = PBXBuildFile; fileRef = 28D9A8732614C79F003D50B4 /* AnimationHeaderDemoApp.swift */; };
		28D9A8882614C7A0003D50B4 /* ContentView.swift in Sources */ = {isa = PBXBuildFile; fileRef = 28D9A8742614C79F003D50B4 /* ContentView.swift */; };
		28D9A8892614C7A0003D50B4 /* ContentView.swift in Sources */ = {isa = PBXBuildFile; fileRef = 28D9A8742614C79F003D50B4 /* ContentView.swift */; };
		28D9A88A2614C7A0003D50B4 /* Assets.xcassets in Resources */ = {isa = PBXBuildFile; fileRef = 28D9A8752614C7A0003D50B4 /* Assets.xcassets */; };
		28D9A88B2614C7A0003D50B4 /* Assets.xcassets in Resources */ = {isa = PBXBuildFile; fileRef = 28D9A8752614C7A0003D50B4 /* Assets.xcassets */; };
		28D9A89C2614C81B003D50B4 /* Home.swift in Sources */ = {isa = PBXBuildFile; fileRef = 28D9A89B2614C81B003D50B4 /* Home.swift */; };
		28D9A8A02614C917003D50B4 /* FoodData.swift in Sources */ = {isa = PBXBuildFile; fileRef = 28D9A89F2614C917003D50B4 /* FoodData.swift */; };
		28D9A8AC261613E1003D50B4 /* Tab.swift in Sources */ = {isa = PBXBuildFile; fileRef = 28D9A8AB261613E1003D50B4 /* Tab.swift */; };
		28D9A8B02616D727003D50B4 /* HomeViewModel.swift in Sources */ = {isa = PBXBuildFile; fileRef = 28D9A8AF2616D727003D50B4 /* HomeViewModel.swift */; };
		28DE1C822621242D002423A3 /* HeaderView.swift in Sources */ = {isa = PBXBuildFile; fileRef = 28DE1C802621242D002423A3 /* HeaderView.swift */; };
		28DE1C832621242D002423A3 /* CardView.swift in Sources */ = {isa = PBXBuildFile; fileRef = 28DE1C812621242D002423A3 /* CardView.swift */; };
/* End PBXBuildFile section */

/* Begin PBXFileReference section */
		287A20D1261F461F005EDB0F /* FoodStore.swift */ = {isa = PBXFileReference; lastKnownFileType = sourcecode.swift; path = FoodStore.swift; sourceTree = "<group>"; };
		28D9A8732614C79F003D50B4 /* AnimationHeaderDemoApp.swift */ = {isa = PBXFileReference; lastKnownFileType = sourcecode.swift; path = AnimationHeaderDemoApp.swift; sourceTree = "<group>"; };
		28D9A8742614C79F003D50B4 /* ContentView.swift */ = {isa = PBXFileReference; lastKnownFileType = sourcecode.swift; path = ContentView.swift; sourceTree = "<group>"; };
		28D9A8752614C7A0003D50B4 /* Assets.xcassets */ = {isa = PBXFileReference; lastKnownFileType = folder.assetcatalog; path = Assets.xcassets; sourceTree = "<group>"; };
		28D9A87A2614C7A0003D50B4 /* AnimationHeaderDemo.app */ = {isa = PBXFileReference; explicitFileType = wrapper.application; includeInIndex = 0; path = AnimationHeaderDemo.app; sourceTree = BUILT_PRODUCTS_DIR; };
		28D9A87D2614C7A0003D50B4 /* Info.plist */ = {isa = PBXFileReference; lastKnownFileType = text.plist.xml; path = Info.plist; sourceTree = "<group>"; };
		28D9A8822614C7A0003D50B4 /* AnimationHeaderDemo.app */ = {isa = PBXFileReference; explicitFileType = wrapper.application; includeInIndex = 0; path = AnimationHeaderDemo.app; sourceTree = BUILT_PRODUCTS_DIR; };
		28D9A8842614C7A0003D50B4 /* Info.plist */ = {isa = PBXFileReference; lastKnownFileType = text.plist.xml; path = Info.plist; sourceTree = "<group>"; };
		28D9A8852614C7A0003D50B4 /* macOS.entitlements */ = {isa = PBXFileReference; lastKnownFileType = text.plist.entitlements; path = macOS.entitlements; sourceTree = "<group>"; };
		28D9A89B2614C81B003D50B4 /* Home.swift */ = {isa = PBXFileReference; lastKnownFileType = sourcecode.swift; path = Home.swift; sourceTree = "<group>"; };
		28D9A89F2614C917003D50B4 /* FoodData.swift */ = {isa = PBXFileReference; lastKnownFileType = sourcecode.swift; path = FoodData.swift; sourceTree = "<group>"; };
		28D9A8AB261613E1003D50B4 /* Tab.swift */ = {isa = PBXFileReference; lastKnownFileType = sourcecode.swift; path = Tab.swift; sourceTree = "<group>"; };
		28D9A8AF2616D727003D50B4 /* HomeViewModel.swift */ = {isa = PBXFileReference; lastKnownFileType = sourcecode.swift; path = HomeViewModel.swift; sourceTree = "<group>"; };
		28DE1C802621242D002423A3 /* HeaderView.swift */ = {isa = PBXFileReference; fileEncoding = 4; lastKnownFileType = sourcecode.swift; path = HeaderView.swift; sourceTree = "<group>"; };
		28DE1C812621242D002423A3 /* CardView.swift */ = {isa = PBXFileReference; fileEncoding = 4; lastKnownFileType = sourcecode.swift; path = CardView.swift; sourceTree = "<group>"; };
/* End PBXFileReference section */

/* Begin PBXFrameworksBuildPhase section */
		28D9A8772614C7A0003D50B4 /* Frameworks */ = {
			isa = PBXFrameworksBuildPhase;
			buildActionMask = 2147483647;
			files = (
				287A20CE261F38AB005EDB0F /* Contentful in Frameworks */,
			);
			runOnlyForDeploymentPostprocessing = 0;
		};
		28D9A87F2614C7A0003D50B4 /* Frameworks */ = {
			isa = PBXFrameworksBuildPhase;
			buildActionMask = 2147483647;
			files = (
			);
			runOnlyForDeploymentPostprocessing = 0;
		};
/* End PBXFrameworksBuildPhase section */

/* Begin PBXGroup section */
		28D9A86D2614C79F003D50B4 = {
			isa = PBXGroup;
			children = (
				28D9A8722614C79F003D50B4 /* Shared */,
				28D9A87C2614C7A0003D50B4 /* iOS */,
				28D9A8832614C7A0003D50B4 /* macOS */,
				28D9A87B2614C7A0003D50B4 /* Products */,
			);
			sourceTree = "<group>";
		};
		28D9A8722614C79F003D50B4 /* Shared */ = {
			isa = PBXGroup;
			children = (
				28D9A8982614C7FD003D50B4 /* ViewModel */,
				28D9A8972614C7F5003D50B4 /* Model */,
				28D9A8962614C7ED003D50B4 /* View */,
				28D9A8732614C79F003D50B4 /* AnimationHeaderDemoApp.swift */,
				28D9A8742614C79F003D50B4 /* ContentView.swift */,
				28D9A8752614C7A0003D50B4 /* Assets.xcassets */,
			);
			path = Shared;
			sourceTree = "<group>";
		};
		28D9A87B2614C7A0003D50B4 /* Products */ = {
			isa = PBXGroup;
			children = (
				28D9A87A2614C7A0003D50B4 /* AnimationHeaderDemo.app */,
				28D9A8822614C7A0003D50B4 /* AnimationHeaderDemo.app */,
			);
			name = Products;
			sourceTree = "<group>";
		};
		28D9A87C2614C7A0003D50B4 /* iOS */ = {
			isa = PBXGroup;
			children = (
				28D9A87D2614C7A0003D50B4 /* Info.plist */,
			);
			path = iOS;
			sourceTree = "<group>";
		};
		28D9A8832614C7A0003D50B4 /* macOS */ = {
			isa = PBXGroup;
			children = (
				28D9A8842614C7A0003D50B4 /* Info.plist */,
				28D9A8852614C7A0003D50B4 /* macOS.entitlements */,
			);
			path = macOS;
			sourceTree = "<group>";
		};
		28D9A8962614C7ED003D50B4 /* View */ = {
			isa = PBXGroup;
			children = (
				28D9A89B2614C81B003D50B4 /* Home.swift */,
				28DE1C812621242D002423A3 /* CardView.swift */,
				28DE1C802621242D002423A3 /* HeaderView.swift */,
			);
			path = View;
			sourceTree = "<group>";
		};
		28D9A8972614C7F5003D50B4 /* Model */ = {
			isa = PBXGroup;
			children = (
				287A20D1261F461F005EDB0F /* FoodStore.swift */,
				28D9A89F2614C917003D50B4 /* FoodData.swift */,
				28D9A8AB261613E1003D50B4 /* Tab.swift */,
			);
			path = Model;
			sourceTree = "<group>";
		};
		28D9A8982614C7FD003D50B4 /* ViewModel */ = {
			isa = PBXGroup;
			children = (
				28D9A8AF2616D727003D50B4 /* HomeViewModel.swift */,
			);
			path = ViewModel;
			sourceTree = "<group>";
		};
/* End PBXGroup section */

/* Begin PBXNativeTarget section */
		28D9A8792614C7A0003D50B4 /* AnimationHeaderDemo (iOS) */ = {
			isa = PBXNativeTarget;
			buildConfigurationList = 28D9A88E2614C7A0003D50B4 /* Build configuration list for PBXNativeTarget "AnimationHeaderDemo (iOS)" */;
			buildPhases = (
				28D9A8762614C7A0003D50B4 /* Sources */,
				28D9A8772614C7A0003D50B4 /* Frameworks */,
				28D9A8782614C7A0003D50B4 /* Resources */,
			);
			buildRules = (
			);
			dependencies = (
			);
			name = "AnimationHeaderDemo (iOS)";
			packageProductDependencies = (
				287A20CD261F38AB005EDB0F /* Contentful */,
			);
			productName = "AnimationHeaderDemo (iOS)";
			productReference = 28D9A87A2614C7A0003D50B4 /* AnimationHeaderDemo.app */;
			productType = "com.apple.product-type.application";
		};
		28D9A8812614C7A0003D50B4 /* AnimationHeaderDemo (macOS) */ = {
			isa = PBXNativeTarget;
			buildConfigurationList = 28D9A8912614C7A0003D50B4 /* Build configuration list for PBXNativeTarget "AnimationHeaderDemo (macOS)" */;
			buildPhases = (
				28D9A87E2614C7A0003D50B4 /* Sources */,
				28D9A87F2614C7A0003D50B4 /* Frameworks */,
				28D9A8802614C7A0003D50B4 /* Resources */,
			);
			buildRules = (
			);
			dependencies = (
			);
			name = "AnimationHeaderDemo (macOS)";
			productName = "AnimationHeaderDemo (macOS)";
			productReference = 28D9A8822614C7A0003D50B4 /* AnimationHeaderDemo.app */;
			productType = "com.apple.product-type.application";
		};
/* End PBXNativeTarget section */

/* Begin PBXProject section */
		28D9A86E2614C79F003D50B4 /* Project object */ = {
			isa = PBXProject;
			attributes = {
				LastSwiftUpdateCheck = 1240;
				LastUpgradeCheck = 1240;
				TargetAttributes = {
					28D9A8792614C7A0003D50B4 = {
						CreatedOnToolsVersion = 12.4;
					};
					28D9A8812614C7A0003D50B4 = {
						CreatedOnToolsVersion = 12.4;
					};
				};
			};
			buildConfigurationList = 28D9A8712614C79F003D50B4 /* Build configuration list for PBXProject "AnimationHeaderDemo" */;
			compatibilityVersion = "Xcode 12.0";
			developmentRegion = en;
			hasScannedForEncodings = 0;
			knownRegions = (
				en,
				Base,
			);
			mainGroup = 28D9A86D2614C79F003D50B4;
			packageReferences = (
				287A20CC261F38AB005EDB0F /* XCRemoteSwiftPackageReference "contentful.swift" */,
			);
			productRefGroup = 28D9A87B2614C7A0003D50B4 /* Products */;
			projectDirPath = "";
			projectRoot = "";
			targets = (
				28D9A8792614C7A0003D50B4 /* AnimationHeaderDemo (iOS) */,
				28D9A8812614C7A0003D50B4 /* AnimationHeaderDemo (macOS) */,
			);
		};
/* End PBXProject section */

/* Begin PBXResourcesBuildPhase section */
		28D9A8782614C7A0003D50B4 /* Resources */ = {
			isa = PBXResourcesBuildPhase;
			buildActionMask = 2147483647;
			files = (
				28D9A88A2614C7A0003D50B4 /* Assets.xcassets in Resources */,
			);
			runOnlyForDeploymentPostprocessing = 0;
		};
		28D9A8802614C7A0003D50B4 /* Resources */ = {
			isa = PBXResourcesBuildPhase;
			buildActionMask = 2147483647;
			files = (
				28D9A88B2614C7A0003D50B4 /* Assets.xcassets in Resources */,
			);
			runOnlyForDeploymentPostprocessing = 0;
		};
/* End PBXResourcesBuildPhase section */

/* Begin PBXSourcesBuildPhase section */
		28D9A8762614C7A0003D50B4 /* Sources */ = {
			isa = PBXSourcesBuildPhase;
			buildActionMask = 2147483647;
			files = (
				28D9A8882614C7A0003D50B4 /* ContentView.swift in Sources */,
				28DE1C832621242D002423A3 /* CardView.swift in Sources */,
				28D9A89C2614C81B003D50B4 /* Home.swift in Sources */,
				28D9A8B02616D727003D50B4 /* HomeViewModel.swift in Sources */,
				28D9A8862614C7A0003D50B4 /* AnimationHeaderDemoApp.swift in Sources */,
				287A20D2261F461F005EDB0F /* FoodStore.swift in Sources */,
				28D9A8A02614C917003D50B4 /* FoodData.swift in Sources */,
				28D9A8AC261613E1003D50B4 /* Tab.swift in Sources */,
				28DE1C822621242D002423A3 /* HeaderView.swift in Sources */,
			);
			runOnlyForDeploymentPostprocessing = 0;
		};
		28D9A87E2614C7A0003D50B4 /* Sources */ = {
			isa = PBXSourcesBuildPhase;
			buildActionMask = 2147483647;
			files = (
				28D9A8892614C7A0003D50B4 /* ContentView.swift in Sources */,
				28D9A8872614C7A0003D50B4 /* AnimationHeaderDemoApp.swift in Sources */,
			);
			runOnlyForDeploymentPostprocessing = 0;
		};
/* End PBXSourcesBuildPhase section */

/* Begin XCBuildConfiguration section */
		28D9A88C2614C7A0003D50B4 /* Debug */ = {
			isa = XCBuildConfiguration;
			buildSettings = {
				ALWAYS_SEARCH_USER_PATHS = NO;
				CLANG_ANALYZER_NONNULL = YES;
				CLANG_ANALYZER_NUMBER_OBJECT_CONVERSION = YES_AGGRESSIVE;
				CLANG_CXX_LANGUAGE_STANDARD = "gnu++14";
				CLANG_CXX_LIBRARY = "libc++";
				CLANG_ENABLE_MODULES = YES;
				CLANG_ENABLE_OBJC_ARC = YES;
				CLANG_ENABLE_OBJC_WEAK = YES;
				CLANG_WARN_BLOCK_CAPTURE_AUTORELEASING = YES;
				CLANG_WARN_BOOL_CONVERSION = YES;
				CLANG_WARN_COMMA = YES;
				CLANG_WARN_CONSTANT_CONVERSION = YES;
				CLANG_WARN_DEPRECATED_OBJC_IMPLEMENTATIONS = YES;
				CLANG_WARN_DIRECT_OBJC_ISA_USAGE = YES_ERROR;
				CLANG_WARN_DOCUMENTATION_COMMENTS = YES;
				CLANG_WARN_EMPTY_BODY = YES;
				CLANG_WARN_ENUM_CONVERSION = YES;
				CLANG_WARN_INFINITE_RECURSION = YES;
				CLANG_WARN_INT_CONVERSION = YES;
				CLANG_WARN_NON_LITERAL_NULL_CONVERSION = YES;
				CLANG_WARN_OBJC_IMPLICIT_RETAIN_SELF = YES;
				CLANG_WARN_OBJC_LITERAL_CONVERSION = YES;
				CLANG_WARN_OBJC_ROOT_CLASS = YES_ERROR;
				CLANG_WARN_QUOTED_INCLUDE_IN_FRAMEWORK_HEADER = YES;
				CLANG_WARN_RANGE_LOOP_ANALYSIS = YES;
				CLANG_WARN_STRICT_PROTOTYPES = YES;
				CLANG_WARN_SUSPICIOUS_MOVE = YES;
				CLANG_WARN_UNGUARDED_AVAILABILITY = YES_AGGRESSIVE;
				CLANG_WARN_UNREACHABLE_CODE = YES;
				CLANG_WARN__DUPLICATE_METHOD_MATCH = YES;
				COPY_PHASE_STRIP = NO;
				DEBUG_INFORMATION_FORMAT = dwarf;
				ENABLE_STRICT_OBJC_MSGSEND = YES;
				ENABLE_TESTABILITY = YES;
				GCC_C_LANGUAGE_STANDARD = gnu11;
				GCC_DYNAMIC_NO_PIC = NO;
				GCC_NO_COMMON_BLOCKS = YES;
				GCC_OPTIMIZATION_LEVEL = 0;
				GCC_PREPROCESSOR_DEFINITIONS = (
					"DEBUG=1",
					"$(inherited)",
				);
				GCC_WARN_64_TO_32_BIT_CONVERSION = YES;
				GCC_WARN_ABOUT_RETURN_TYPE = YES_ERROR;
				GCC_WARN_UNDECLARED_SELECTOR = YES;
				GCC_WARN_UNINITIALIZED_AUTOS = YES_AGGRESSIVE;
				GCC_WARN_UNUSED_FUNCTION = YES;
				GCC_WARN_UNUSED_VARIABLE = YES;
				IPHONEOS_DEPLOYMENT_TARGET = 14.4;
				MTL_ENABLE_DEBUG_INFO = INCLUDE_SOURCE;
				MTL_FAST_MATH = YES;
				ONLY_ACTIVE_ARCH = YES;
				SWIFT_ACTIVE_COMPILATION_CONDITIONS = DEBUG;
				SWIFT_OPTIMIZATION_LEVEL = "-Onone";
			};
			name = Debug;
		};
		28D9A88D2614C7A0003D50B4 /* Release */ = {
			isa = XCBuildConfiguration;
			buildSettings = {
				ALWAYS_SEARCH_USER_PATHS = NO;
				CLANG_ANALYZER_NONNULL = YES;
				CLANG_ANALYZER_NUMBER_OBJECT_CONVERSION = YES_AGGRESSIVE;
				CLANG_CXX_LANGUAGE_STANDARD = "gnu++14";
				CLANG_CXX_LIBRARY = "libc++";
				CLANG_ENABLE_MODULES = YES;
				CLANG_ENABLE_OBJC_ARC = YES;
				CLANG_ENABLE_OBJC_WEAK = YES;
				CLANG_WARN_BLOCK_CAPTURE_AUTORELEASING = YES;
				CLANG_WARN_BOOL_CONVERSION = YES;
				CLANG_WARN_COMMA = YES;
				CLANG_WARN_CONSTANT_CONVERSION = YES;
				CLANG_WARN_DEPRECATED_OBJC_IMPLEMENTATIONS = YES;
				CLANG_WARN_DIRECT_OBJC_ISA_USAGE = YES_ERROR;
				CLANG_WARN_DOCUMENTATION_COMMENTS = YES;
				CLANG_WARN_EMPTY_BODY = YES;
				CLANG_WARN_ENUM_CONVERSION = YES;
				CLANG_WARN_INFINITE_RECURSION = YES;
				CLANG_WARN_INT_CONVERSION = YES;
				CLANG_WARN_NON_LITERAL_NULL_CONVERSION = YES;
				CLANG_WARN_OBJC_IMPLICIT_RETAIN_SELF = YES;
				CLANG_WARN_OBJC_LITERAL_CONVERSION = YES;
				CLANG_WARN_OBJC_ROOT_CLASS = YES_ERROR;
				CLANG_WARN_QUOTED_INCLUDE_IN_FRAMEWORK_HEADER = YES;
				CLANG_WARN_RANGE_LOOP_ANALYSIS = YES;
				CLANG_WARN_STRICT_PROTOTYPES = YES;
				CLANG_WARN_SUSPICIOUS_MOVE = YES;
				CLANG_WARN_UNGUARDED_AVAILABILITY = YES_AGGRESSIVE;
				CLANG_WARN_UNREACHABLE_CODE = YES;
				CLANG_WARN__DUPLICATE_METHOD_MATCH = YES;
				COPY_PHASE_STRIP = NO;
				DEBUG_INFORMATION_FORMAT = "dwarf-with-dsym";
				ENABLE_NS_ASSERTIONS = NO;
				ENABLE_STRICT_OBJC_MSGSEND = YES;
				GCC_C_LANGUAGE_STANDARD = gnu11;
				GCC_NO_COMMON_BLOCKS = YES;
				GCC_WARN_64_TO_32_BIT_CONVERSION = YES;
				GCC_WARN_ABOUT_RETURN_TYPE = YES_ERROR;
				GCC_WARN_UNDECLARED_SELECTOR = YES;
				GCC_WARN_UNINITIALIZED_AUTOS = YES_AGGRESSIVE;
				GCC_WARN_UNUSED_FUNCTION = YES;
				GCC_WARN_UNUSED_VARIABLE = YES;
				IPHONEOS_DEPLOYMENT_TARGET = 14.4;
				MTL_ENABLE_DEBUG_INFO = NO;
				MTL_FAST_MATH = YES;
				SWIFT_COMPILATION_MODE = wholemodule;
				SWIFT_OPTIMIZATION_LEVEL = "-O";
			};
			name = Release;
		};
		28D9A88F2614C7A0003D50B4 /* Debug */ = {
			isa = XCBuildConfiguration;
			buildSettings = {
				ASSETCATALOG_COMPILER_APPICON_NAME = AppIcon;
				ASSETCATALOG_COMPILER_GLOBAL_ACCENT_COLOR_NAME = AccentColor;
				CODE_SIGN_STYLE = Automatic;
				DEVELOPMENT_TEAM = NKLMM8NS64;
				ENABLE_PREVIEWS = YES;
				INFOPLIST_FILE = iOS/Info.plist;
				IPHONEOS_DEPLOYMENT_TARGET = 14.0;
				LD_RUNPATH_SEARCH_PATHS = (
					"$(inherited)",
					"@executable_path/Frameworks",
				);
				PRODUCT_BUNDLE_IDENTIFIER = com.gmail.yu.j.0513.AnimationHeaderDemo;
				PRODUCT_NAME = AnimationHeaderDemo;
				SDKROOT = iphoneos;
				SWIFT_VERSION = 5.0;
				TARGETED_DEVICE_FAMILY = "1,2";
			};
			name = Debug;
		};
		28D9A8902614C7A0003D50B4 /* Release */ = {
			isa = XCBuildConfiguration;
			buildSettings = {
				ASSETCATALOG_COMPILER_APPICON_NAME = AppIcon;
				ASSETCATALOG_COMPILER_GLOBAL_ACCENT_COLOR_NAME = AccentColor;
				CODE_SIGN_STYLE = Automatic;
				DEVELOPMENT_TEAM = NKLMM8NS64;
				ENABLE_PREVIEWS = YES;
				INFOPLIST_FILE = iOS/Info.plist;
				IPHONEOS_DEPLOYMENT_TARGET = 14.0;
				LD_RUNPATH_SEARCH_PATHS = (
					"$(inherited)",
					"@executable_path/Frameworks",
				);
				PRODUCT_BUNDLE_IDENTIFIER = com.gmail.yu.j.0513.AnimationHeaderDemo;
				PRODUCT_NAME = AnimationHeaderDemo;
				SDKROOT = iphoneos;
				SWIFT_VERSION = 5.0;
				TARGETED_DEVICE_FAMILY = "1,2";
				VALIDATE_PRODUCT = YES;
			};
			name = Release;
		};
		28D9A8922614C7A0003D50B4 /* Debug */ = {
			isa = XCBuildConfiguration;
			buildSettings = {
				ASSETCATALOG_COMPILER_APPICON_NAME = AppIcon;
				ASSETCATALOG_COMPILER_GLOBAL_ACCENT_COLOR_NAME = AccentColor;
				CODE_SIGN_ENTITLEMENTS = macOS/macOS.entitlements;
				CODE_SIGN_STYLE = Automatic;
				COMBINE_HIDPI_IMAGES = YES;
				DEVELOPMENT_TEAM = NKLMM8NS64;
				ENABLE_HARDENED_RUNTIME = YES;
				ENABLE_PREVIEWS = YES;
				INFOPLIST_FILE = macOS/Info.plist;
				LD_RUNPATH_SEARCH_PATHS = (
					"$(inherited)",
					"@executable_path/../Frameworks",
				);
				MACOSX_DEPLOYMENT_TARGET = 11.0;
				PRODUCT_BUNDLE_IDENTIFIER = com.gmail.yu.j.0513.AnimationHeaderDemo;
				PRODUCT_NAME = AnimationHeaderDemo;
				SDKROOT = macosx;
				SWIFT_VERSION = 5.0;
			};
			name = Debug;
		};
		28D9A8932614C7A0003D50B4 /* Release */ = {
			isa = XCBuildConfiguration;
			buildSettings = {
				ASSETCATALOG_COMPILER_APPICON_NAME = AppIcon;
				ASSETCATALOG_COMPILER_GLOBAL_ACCENT_COLOR_NAME = AccentColor;
				CODE_SIGN_ENTITLEMENTS = macOS/macOS.entitlements;
				CODE_SIGN_STYLE = Automatic;
				COMBINE_HIDPI_IMAGES = YES;
				DEVELOPMENT_TEAM = NKLMM8NS64;
				ENABLE_HARDENED_RUNTIME = YES;
				ENABLE_PREVIEWS = YES;
				INFOPLIST_FILE = macOS/Info.plist;
				LD_RUNPATH_SEARCH_PATHS = (
					"$(inherited)",
					"@executable_path/../Frameworks",
				);
				MACOSX_DEPLOYMENT_TARGET = 11.0;
				PRODUCT_BUNDLE_IDENTIFIER = com.gmail.yu.j.0513.AnimationHeaderDemo;
				PRODUCT_NAME = AnimationHeaderDemo;
				SDKROOT = macosx;
				SWIFT_VERSION = 5.0;
			};
			name = Release;
		};
/* End XCBuildConfiguration section */

/* Begin XCConfigurationList section */
		28D9A8712614C79F003D50B4 /* Build configuration list for PBXProject "AnimationHeaderDemo" */ = {
			isa = XCConfigurationList;
			buildConfigurations = (
				28D9A88C2614C7A0003D50B4 /* Debug */,
				28D9A88D2614C7A0003D50B4 /* Release */,
			);
			defaultConfigurationIsVisible = 0;
			defaultConfigurationName = Release;
		};
		28D9A88E2614C7A0003D50B4 /* Build configuration list for PBXNativeTarget "AnimationHeaderDemo (iOS)" */ = {
			isa = XCConfigurationList;
			buildConfigurations = (
				28D9A88F2614C7A0003D50B4 /* Debug */,
				28D9A8902614C7A0003D50B4 /* Release */,
			);
			defaultConfigurationIsVisible = 0;
			defaultConfigurationName = Release;
		};
		28D9A8912614C7A0003D50B4 /* Build configuration list for PBXNativeTarget "AnimationHeaderDemo (macOS)" */ = {
			isa = XCConfigurationList;
			buildConfigurations = (
				28D9A8922614C7A0003D50B4 /* Debug */,
				28D9A8932614C7A0003D50B4 /* Release */,
			);
			defaultConfigurationIsVisible = 0;
			defaultConfigurationName = Release;
		};
/* End XCConfigurationList section */

/* Begin XCRemoteSwiftPackageReference section */
		287A20CC261F38AB005EDB0F /* XCRemoteSwiftPackageReference "contentful.swift" */ = {
			isa = XCRemoteSwiftPackageReference;
			repositoryURL = "https://github.com/contentful/contentful.swift.git";
			requirement = {
				kind = upToNextMajorVersion;
				minimumVersion = 5.5.0;
			};
		};
/* End XCRemoteSwiftPackageReference section */

/* Begin XCSwiftPackageProductDependency section */
		287A20CD261F38AB005EDB0F /* Contentful */ = {
			isa = XCSwiftPackageProductDependency;
			package = 287A20CC261F38AB005EDB0F /* XCRemoteSwiftPackageReference "contentful.swift" */;
			productName = Contentful;
		};
/* End XCSwiftPackageProductDependency section */
	};
	rootObject = 28D9A86E2614C79F003D50B4 /* Project object */;
}
